
Microsoft Visual Studio Solution File, Format Version 12.00
# Visual Studio Version 17
VisualStudioVersion = 17.6.33723.286
MinimumVisualStudioVersion = 10.0.40219.1
Project("{FAE04EC0-301F-11D3-BF4B-00C04F79EFBC}") = "CodePulse.API", "CodePulse.API\CodePulse.API.csproj", "{A33FFE7B-C646-4FB3-81BC-0CEB0CA0DA24}"
EndProject
Global
	GlobalSection(SolutionConfigurationPlatforms) = preSolution
		Debug|Any CPU = Debug|Any CPU
		Release|Any CPU = Release|Any CPU
	EndGlobalSection
	GlobalSection(ProjectConfigurationPlatforms) = postSolution
		{A33FFE7B-C646-4FB3-81BC-0CEB0CA0DA24}.Debug|Any CPU.ActiveCfg = Debug|Any CPU
		{A33FFE7B-C646-4FB3-81BC-0CEB0CA0DA24}.Debug|Any CPU.Build.0 = Debug|Any CPU
		{A33FFE7B-C646-4FB3-81BC-0CEB0CA0DA24}.Release|Any CPU.ActiveCfg = Release|Any CPU
		{A33FFE7B-C646-4FB3-81BC-0CEB0CA0DA24}.Release|Any CPU.Build.0 = Release|Any CPU
	EndGlobalSection
	GlobalSection(SolutionProperties) = preSolution
		HideSolutionNode = FALSE
	EndGlobalSection
	GlobalSection(ExtensibilityGlobals) = postSolution
		SolutionGuid = {38B045D1-4C71-4D71-8DAC-2C8B083261D6}
	EndGlobalSection
EndGlobal
